# This file is automatically @generated by Cargo.
# It is not intended for manual editing.
version = 4

[[package]]
name = "cpd-bench"
version = "0.1.0"
dependencies = [
 "cpd-core",
 "cpd-costs",
 "cpd-offline",
]

[[package]]
name = "cpd-cli"
version = "0.1.0"
dependencies = [
 "cpd-core",
 "cpd-offline",
]

[[package]]
name = "cpd-core"
version = "0.1.0"

[[package]]
name = "cpd-costs"
version = "0.1.0"
dependencies = [
 "cpd-core",
]

[[package]]
name = "cpd-doctor"
version = "0.1.0"
dependencies = [
 "cpd-core",
 "cpd-offline",
 "cpd-online",
]

[[package]]
name = "cpd-eval"
version = "0.1.0"
dependencies = [
 "cpd-core",
 "cpd-offline",
 "cpd-online",
]

[[package]]
name = "cpd-offline"
version = "0.1.0"
dependencies = [
 "cpd-core",
 "cpd-costs",
]

[[package]]
name = "cpd-online"
version = "0.1.0"
dependencies = [
 "cpd-core",
 "cpd-costs",
]

[[package]]
name = "cpd-preprocess"
version = "0.1.0"
dependencies = [
 "cpd-core",
]

[[package]]
name = "cpd-python"
version = "0.1.0"
dependencies = [
 "cpd-core",
 "cpd-doctor",
 "cpd-offline",
 "cpd-online",
]
